// !$*UTF8*$!
{
	archiveVersion = 1;
	classes = {
	};
	objectVersion = 48;
	objects = {

/* Begin PBXBuildFile section */
		E5F5F49E1FB979E70056B824 /* AppDelegate.m in Sources */ = {isa = PBXBuildFile; fileRef = E5F5F49D1FB979E70056B824 /* AppDelegate.m */; };
		E5F5F4A11FB979E70056B824 /* ViewController.m in Sources */ = {isa = PBXBuildFile; fileRef = E5F5F4A01FB979E70056B824 /* ViewController.m */; };
		E5F5F4A41FB979E70056B824 /* Main.storyboard in Resources */ = {isa = PBXBuildFile; fileRef = E5F5F4A21FB979E70056B824 /* Main.storyboard */; };
		E5F5F4A61FB979E70056B824 /* Assets.xcassets in Resources */ = {isa = PBXBuildFile; fileRef = E5F5F4A51FB979E70056B824 /* Assets.xcassets */; };
		E5F5F4A91FB979E70056B824 /* LaunchScreen.storyboard in Resources */ = {isa = PBXBuildFile; fileRef = E5F5F4A71FB979E70056B824 /* LaunchScreen.storyboard */; };
		E5F5F4AC1FB979E70056B824 /* main.m in Sources */ = {isa = PBXBuildFile; fileRef = E5F5F4AB1FB979E70056B824 /* main.m */; };
		E5F5F4B61FB979E70056B824 /* HW01_DuncansonLTests.m in Sources */ = {isa = PBXBuildFile; fileRef = E5F5F4B51FB979E70056B824 /* HW01_DuncansonLTests.m */; };
		E5F5F4C11FB979E70056B824 /* HW01_DuncansonLUITests.m in Sources */ = {isa = PBXBuildFile; fileRef = E5F5F4C01FB979E70056B824 /* HW01_DuncansonLUITests.m */; };
		E5F5F4D01FB97A370056B824 /* Parks.m in Sources */ = {isa = PBXBuildFile; fileRef = E5F5F4CF1FB97A370056B824 /* Parks.m */; };
		E5F5F4D31FB97AC00056B824 /* ParksTableViewController.m in Sources */ = {isa = PBXBuildFile; fileRef = E5F5F4D21FB97AC00056B824 /* ParksTableViewController.m */; };
		E5F5F4D61FB97AF00056B824 /* ParkTableViewCell.m in Sources */ = {isa = PBXBuildFile; fileRef = E5F5F4D51FB97AF00056B824 /* ParkTableViewCell.m */; };
		E5F5F4D91FB97B300056B824 /* ParkDetailViewController.m in Sources */ = {isa = PBXBuildFile; fileRef = E5F5F4D81FB97B300056B824 /* ParkDetailViewController.m */; };
		E5F5F4DB1FB98ED20056B824 /* smallParkImages in Resources */ = {isa = PBXBuildFile; fileRef = E5F5F4DA1FB98ED10056B824 /* smallParkImages */; };
/* End PBXBuildFile section */

/* Begin PBXContainerItemProxy section */
		E5F5F4B21FB979E70056B824 /* PBXContainerItemProxy */ = {
			isa = PBXContainerItemProxy;
			containerPortal = E5F5F4911FB979E70056B824 /* Project object */;
			proxyType = 1;
			remoteGlobalIDString = E5F5F4981FB979E70056B824;
			remoteInfo = "HW01-DuncansonL";
		};
		E5F5F4BD1FB979E70056B824 /* PBXContainerItemProxy */ = {
			isa = PBXContainerItemProxy;
			containerPortal = E5F5F4911FB979E70056B824 /* Project object */;
			proxyType = 1;
			remoteGlobalIDString = E5F5F4981FB979E70056B824;
			remoteInfo = "HW01-DuncansonL";
		};
/* End PBXContainerItemProxy section */

/* Begin PBXFileReference section */
		E5F5F4991FB979E70056B824 /* HW01-DuncansonL.app */ = {isa = PBXFileReference; explicitFileType = wrapper.application; includeInIndex = 0; path = "HW01-DuncansonL.app"; sourceTree = BUILT_PRODUCTS_DIR; };
		E5F5F49C1FB979E70056B824 /* AppDelegate.h */ = {isa = PBXFileReference; lastKnownFileType = sourcecode.c.h; path = AppDelegate.h; sourceTree = "<group>"; };
		E5F5F49D1FB979E70056B824 /* AppDelegate.m */ = {isa = PBXFileReference; lastKnownFileType = sourcecode.c.objc; path = AppDelegate.m; sourceTree = "<group>"; };
		E5F5F49F1FB979E70056B824 /* ViewController.h */ = {isa = PBXFileReference; lastKnownFileType = sourcecode.c.h; path = ViewController.h; sourceTree = "<group>"; };
		E5F5F4A01FB979E70056B824 /* ViewController.m */ = {isa = PBXFileReference; lastKnownFileType = sourcecode.c.objc; path = ViewController.m; sourceTree = "<group>"; };
		E5F5F4A31FB979E70056B824 /* Base */ = {isa = PBXFileReference; lastKnownFileType = file.storyboard; name = Base; path = Base.lproj/Main.storyboard; sourceTree = "<group>"; };
		E5F5F4A51FB979E70056B824 /* Assets.xcassets */ = {isa = PBXFileReference; lastKnownFileType = folder.assetcatalog; path = Assets.xcassets; sourceTree = "<group>"; };
		E5F5F4A81FB979E70056B824 /* Base */ = {isa = PBXFileReference; lastKnownFileType = file.storyboard; name = Base; path = Base.lproj/LaunchScreen.storyboard; sourceTree = "<group>"; };
		E5F5F4AA1FB979E70056B824 /* Info.plist */ = {isa = PBXFileReference; lastKnownFileType = text.plist.xml; path = Info.plist; sourceTree = "<group>"; };
		E5F5F4AB1FB979E70056B824 /* main.m */ = {isa = PBXFileReference; lastKnownFileType = sourcecode.c.objc; path = main.m; sourceTree = "<group>"; };
		E5F5F4B11FB979E70056B824 /* HW01-DuncansonLTests.xctest */ = {isa = PBXFileReference; explicitFileType = wrapper.cfbundle; includeInIndex = 0; path = "HW01-DuncansonLTests.xctest"; sourceTree = BUILT_PRODUCTS_DIR; };
		E5F5F4B51FB979E70056B824 /* HW01_DuncansonLTests.m */ = {isa = PBXFileReference; lastKnownFileType = sourcecode.c.objc; path = HW01_DuncansonLTests.m; sourceTree = "<group>"; };
		E5F5F4B71FB979E70056B824 /* Info.plist */ = {isa = PBXFileReference; lastKnownFileType = text.plist.xml; path = Info.plist; sourceTree = "<group>"; };
		E5F5F4BC1FB979E70056B824 /* HW01-DuncansonLUITests.xctest */ = {isa = PBXFileReference; explicitFileType = wrapper.cfbundle; includeInIndex = 0; path = "HW01-DuncansonLUITests.xctest"; sourceTree = BUILT_PRODUCTS_DIR; };
		E5F5F4C01FB979E70056B824 /* HW01_DuncansonLUITests.m */ = {isa = PBXFileReference; lastKnownFileType = sourcecode.c.objc; path = HW01_DuncansonLUITests.m; sourceTree = "<group>"; };
		E5F5F4C21FB979E80056B824 /* Info.plist */ = {isa = PBXFileReference; lastKnownFileType = text.plist.xml; path = Info.plist; sourceTree = "<group>"; };
		E5F5F4CE1FB97A370056B824 /* Parks.h */ = {isa = PBXFileReference; lastKnownFileType = sourcecode.c.h; path = Parks.h; sourceTree = "<group>"; };
		E5F5F4CF1FB97A370056B824 /* Parks.m */ = {isa = PBXFileReference; lastKnownFileType = sourcecode.c.objc; path = Parks.m; sourceTree = "<group>"; };
		E5F5F4D11FB97AC00056B824 /* ParksTableViewController.h */ = {isa = PBXFileReference; lastKnownFileType = sourcecode.c.h; path = ParksTableViewController.h; sourceTree = "<group>"; };
		E5F5F4D21FB97AC00056B824 /* ParksTableViewController.m */ = {isa = PBXFileReference; lastKnownFileType = sourcecode.c.objc; path = ParksTableViewController.m; sourceTree = "<group>"; };
		E5F5F4D41FB97AF00056B824 /* ParkTableViewCell.h */ = {isa = PBXFileReference; lastKnownFileType = sourcecode.c.h; path = ParkTableViewCell.h; sourceTree = "<group>"; };
		E5F5F4D51FB97AF00056B824 /* ParkTableViewCell.m */ = {isa = PBXFileReference; lastKnownFileType = sourcecode.c.objc; path = ParkTableViewCell.m; sourceTree = "<group>"; };
		E5F5F4D71FB97B300056B824 /* ParkDetailViewController.h */ = {isa = PBXFileReference; lastKnownFileType = sourcecode.c.h; path = ParkDetailViewController.h; sourceTree = "<group>"; };
		E5F5F4D81FB97B300056B824 /* ParkDetailViewController.m */ = {isa = PBXFileReference; lastKnownFileType = sourcecode.c.objc; path = ParkDetailViewController.m; sourceTree = "<group>"; };
		E5F5F4DA1FB98ED10056B824 /* smallParkImages */ = {isa = PBXFileReference; lastKnownFileType = folder; path = smallParkImages; sourceTree = "<group>"; };
/* End PBXFileReference section */

/* Begin PBXFrameworksBuildPhase section */
		E5F5F4961FB979E70056B824 /* Frameworks */ = {
			isa = PBXFrameworksBuildPhase;
			buildActionMask = 2147483647;
			files = (
			);
			runOnlyForDeploymentPostprocessing = 0;
		};
		E5F5F4AE1FB979E70056B824 /* Frameworks */ = {
			isa = PBXFrameworksBuildPhase;
			buildActionMask = 2147483647;
			files = (
			);
			runOnlyForDeploymentPostprocessing = 0;
		};
		E5F5F4B91FB979E70056B824 /* Frameworks */ = {
			isa = PBXFrameworksBuildPhase;
			buildActionMask = 2147483647;
			files = (
			);
			runOnlyForDeploymentPostprocessing = 0;
		};
/* End PBXFrameworksBuildPhase section */

/* Begin PBXGroup section */
		E5F5F4901FB979E70056B824 = {
			isa = PBXGroup;
			children = (
				E5F5F49B1FB979E70056B824 /* HW01-DuncansonL */,
				E5F5F4B41FB979E70056B824 /* HW01-DuncansonLTests */,
				E5F5F4BF1FB979E70056B824 /* HW01-DuncansonLUITests */,
				E5F5F49A1FB979E70056B824 /* Products */,
			);
			sourceTree = "<group>";
		};
		E5F5F49A1FB979E70056B824 /* Products */ = {
			isa = PBXGroup;
			children = (
				E5F5F4991FB979E70056B824 /* HW01-DuncansonL.app */,
				E5F5F4B11FB979E70056B824 /* HW01-DuncansonLTests.xctest */,
				E5F5F4BC1FB979E70056B824 /* HW01-DuncansonLUITests.xctest */,
			);
			name = Products;
			sourceTree = "<group>";
		};
		E5F5F49B1FB979E70056B824 /* HW01-DuncansonL */ = {
			isa = PBXGroup;
			children = (
				E5F5F4D71FB97B300056B824 /* ParkDetailViewController.h */,
				E5F5F4D81FB97B300056B824 /* ParkDetailViewController.m */,
				E5F5F4D41FB97AF00056B824 /* ParkTableViewCell.h */,
				E5F5F4D51FB97AF00056B824 /* ParkTableViewCell.m */,
				E5F5F4D11FB97AC00056B824 /* ParksTableViewController.h */,
				E5F5F4D21FB97AC00056B824 /* ParksTableViewController.m */,
				E5F5F4CE1FB97A370056B824 /* Parks.h */,
				E5F5F4CF1FB97A370056B824 /* Parks.m */,
				E5F5F49C1FB979E70056B824 /* AppDelegate.h */,
				E5F5F49D1FB979E70056B824 /* AppDelegate.m */,
				E5F5F49F1FB979E70056B824 /* ViewController.h */,
				E5F5F4A01FB979E70056B824 /* ViewController.m */,
				E5F5F4A21FB979E70056B824 /* Main.storyboard */,
				E5F5F4A51FB979E70056B824 /* Assets.xcassets */,
				E5F5F4A71FB979E70056B824 /* LaunchScreen.storyboard */,
				E5F5F4AA1FB979E70056B824 /* Info.plist */,
				E5F5F4DA1FB98ED10056B824 /* smallParkImages */,
				E5F5F4AB1FB979E70056B824 /* main.m */,
			);
			path = "HW01-DuncansonL";
			sourceTree = "<group>";
		};
		E5F5F4B41FB979E70056B824 /* HW01-DuncansonLTests */ = {
			isa = PBXGroup;
			children = (
				E5F5F4B51FB979E70056B824 /* HW01_DuncansonLTests.m */,
				E5F5F4B71FB979E70056B824 /* Info.plist */,
			);
			path = "HW01-DuncansonLTests";
			sourceTree = "<group>";
		};
		E5F5F4BF1FB979E70056B824 /* HW01-DuncansonLUITests */ = {
			isa = PBXGroup;
			children = (
				E5F5F4C01FB979E70056B824 /* HW01_DuncansonLUITests.m */,
				E5F5F4C21FB979E80056B824 /* Info.plist */,
			);
			path = "HW01-DuncansonLUITests";
			sourceTree = "<group>";
		};
/* End PBXGroup section */

/* Begin PBXNativeTarget section */
		E5F5F4981FB979E70056B824 /* HW01-DuncansonL */ = {
			isa = PBXNativeTarget;
			buildConfigurationList = E5F5F4C51FB979E80056B824 /* Build configuration list for PBXNativeTarget "HW01-DuncansonL" */;
			buildPhases = (
				E5F5F4951FB979E70056B824 /* Sources */,
				E5F5F4961FB979E70056B824 /* Frameworks */,
				E5F5F4971FB979E70056B824 /* Resources */,
			);
			buildRules = (
			);
			dependencies = (
			);
			name = "HW01-DuncansonL";
			productName = "HW01-DuncansonL";
			productReference = E5F5F4991FB979E70056B824 /* HW01-DuncansonL.app */;
			productType = "com.apple.product-type.application";
		};
		E5F5F4B01FB979E70056B824 /* HW01-DuncansonLTests */ = {
			isa = PBXNativeTarget;
			buildConfigurationList = E5F5F4C81FB979E80056B824 /* Build configuration list for PBXNativeTarget "HW01-DuncansonLTests" */;
			buildPhases = (
				E5F5F4AD1FB979E70056B824 /* Sources */,
				E5F5F4AE1FB979E70056B824 /* Frameworks */,
				E5F5F4AF1FB979E70056B824 /* Resources */,
			);
			buildRules = (
			);
			dependencies = (
				E5F5F4B31FB979E70056B824 /* PBXTargetDependency */,
			);
			name = "HW01-DuncansonLTests";
			productName = "HW01-DuncansonLTests";
			productReference = E5F5F4B11FB979E70056B824 /* HW01-DuncansonLTests.xctest */;
			productType = "com.apple.product-type.bundle.unit-test";
		};
		E5F5F4BB1FB979E70056B824 /* HW01-DuncansonLUITests */ = {
			isa = PBXNativeTarget;
			buildConfigurationList = E5F5F4CB1FB979E80056B824 /* Build configuration list for PBXNativeTarget "HW01-DuncansonLUITests" */;
			buildPhases = (
				E5F5F4B81FB979E70056B824 /* Sources */,
				E5F5F4B91FB979E70056B824 /* Frameworks */,
				E5F5F4BA1FB979E70056B824 /* Resources */,
			);
			buildRules = (
			);
			dependencies = (
				E5F5F4BE1FB979E70056B824 /* PBXTargetDependency */,
			);
			name = "HW01-DuncansonLUITests";
			productName = "HW01-DuncansonLUITests";
			productReference = E5F5F4BC1FB979E70056B824 /* HW01-DuncansonLUITests.xctest */;
			productType = "com.apple.product-type.bundle.ui-testing";
		};
/* End PBXNativeTarget section */

/* Begin PBXProject section */
		E5F5F4911FB979E70056B824 /* Project object */ = {
			isa = PBXProject;
			attributes = {
				LastUpgradeCheck = 0900;
				ORGANIZATIONNAME = "Langston Duncanson";
				TargetAttributes = {
					E5F5F4981FB979E70056B824 = {
						CreatedOnToolsVersion = 9.0.1;
						ProvisioningStyle = Automatic;
					};
					E5F5F4B01FB979E70056B824 = {
						CreatedOnToolsVersion = 9.0.1;
						ProvisioningStyle = Automatic;
						TestTargetID = E5F5F4981FB979E70056B824;
					};
					E5F5F4BB1FB979E70056B824 = {
						CreatedOnToolsVersion = 9.0.1;
						ProvisioningStyle = Automatic;
						TestTargetID = E5F5F4981FB979E70056B824;
					};
				};
			};
			buildConfigurationList = E5F5F4941FB979E70056B824 /* Build configuration list for PBXProject "HW01-DuncansonL" */;
			compatibilityVersion = "Xcode 8.0";
			developmentRegion = en;
			hasScannedForEncodings = 0;
			knownRegions = (
				en,
				Base,
			);
			mainGroup = E5F5F4901FB979E70056B824;
			productRefGroup = E5F5F49A1FB979E70056B824 /* Products */;
			projectDirPath = "";
			projectRoot = "";
			targets = (
				E5F5F4981FB979E70056B824 /* HW01-DuncansonL */,
				E5F5F4B01FB979E70056B824 /* HW01-DuncansonLTests */,
				E5F5F4BB1FB979E70056B824 /* HW01-DuncansonLUITests */,
			);
		};
/* End PBXProject section */

/* Begin PBXResourcesBuildPhase section */
		E5F5F4971FB979E70056B824 /* Resources */ = {
			isa = PBXResourcesBuildPhase;
			buildActionMask = 2147483647;
			files = (
				E5F5F4DB1FB98ED20056B824 /* smallParkImages in Resources */,
				E5F5F4A91FB979E70056B824 /* LaunchScreen.storyboard in Resources */,
				E5F5F4A61FB979E70056B824 /* Assets.xcassets in Resources */,
				E5F5F4A41FB979E70056B824 /* Main.storyboard in Resources */,
			);
			runOnlyForDeploymentPostprocessing = 0;
		};
		E5F5F4AF1FB979E70056B824 /* Resources */ = {
			isa = PBXResourcesBuildPhase;
			buildActionMask = 2147483647;
			files = (
			);
			runOnlyForDeploymentPostprocessing = 0;
		};
		E5F5F4BA1FB979E70056B824 /* Resources */ = {
			isa = PBXResourcesBuildPhase;
			buildActionMask = 2147483647;
			files = (
			);
			runOnlyForDeploymentPostprocessing = 0;
		};
/* End PBXResourcesBuildPhase section */

/* Begin PBXSourcesBuildPhase section */
		E5F5F4951FB979E70056B824 /* Sources */ = {
			isa = PBXSourcesBuildPhase;
			buildActionMask = 2147483647;
			files = (
				E5F5F4D31FB97AC00056B824 /* ParksTableViewController.m in Sources */,
				E5F5F4A11FB979E70056B824 /* ViewController.m in Sources */,
				E5F5F4D91FB97B300056B824 /* ParkDetailViewController.m in Sources */,
				E5F5F4AC1FB979E70056B824 /* main.m in Sources */,
				E5F5F49E1FB979E70056B824 /* AppDelegate.m in Sources */,
				E5F5F4D01FB97A370056B824 /* Parks.m in Sources */,
				E5F5F4D61FB97AF00056B824 /* ParkTableViewCell.m in Sources */,
			);
			runOnlyForDeploymentPostprocessing = 0;
		};
		E5F5F4AD1FB979E70056B824 /* Sources */ = {
			isa = PBXSourcesBuildPhase;
			buildActionMask = 2147483647;
			files = (
				E5F5F4B61FB979E70056B824 /* HW01_DuncansonLTests.m in Sources */,
			);
			runOnlyForDeploymentPostprocessing = 0;
		};
		E5F5F4B81FB979E70056B824 /* Sources */ = {
			isa = PBXSourcesBuildPhase;
			buildActionMask = 2147483647;
			files = (
				E5F5F4C11FB979E70056B824 /* HW01_DuncansonLUITests.m in Sources */,
			);
			runOnlyForDeploymentPostprocessing = 0;
		};
/* End PBXSourcesBuildPhase section */

/* Begin PBXTargetDependency section */
		E5F5F4B31FB979E70056B824 /* PBXTargetDependency */ = {
			isa = PBXTargetDependency;
			target = E5F5F4981FB979E70056B824 /* HW01-DuncansonL */;
			targetProxy = E5F5F4B21FB979E70056B824 /* PBXContainerItemProxy */;
		};
		E5F5F4BE1FB979E70056B824 /* PBXTargetDependency */ = {
			isa = PBXTargetDependency;
			target = E5F5F4981FB979E70056B824 /* HW01-DuncansonL */;
			targetProxy = E5F5F4BD1FB979E70056B824 /* PBXContainerItemProxy */;
		};
/* End PBXTargetDependency section */

/* Begin PBXVariantGroup section */
		E5F5F4A21FB979E70056B824 /* Main.storyboard */ = {
			isa = PBXVariantGroup;
			children = (
				E5F5F4A31FB979E70056B824 /* Base */,
			);
			name = Main.storyboard;
			sourceTree = "<group>";
		};
		E5F5F4A71FB979E70056B824 /* LaunchScreen.storyboard */ = {
			isa = PBXVariantGroup;
			children = (
				E5F5F4A81FB979E70056B824 /* Base */,
			);
			name = LaunchScreen.storyboard;
			sourceTree = "<group>";
		};
/* End PBXVariantGroup section */

/* Begin XCBuildConfiguration section */
		E5F5F4C31FB979E80056B824 /* Debug */ = {
			isa = XCBuildConfiguration;
			buildSettings = {
				ALWAYS_SEARCH_USER_PATHS = NO;
				CLANG_ANALYZER_NONNULL = YES;
				CLANG_ANALYZER_NUMBER_OBJECT_CONVERSION = YES_AGGRESSIVE;
				CLANG_CXX_LANGUAGE_STANDARD = "gnu++14";
				CLANG_CXX_LIBRARY = "libc++";
				CLANG_ENABLE_MODULES = YES;
				CLANG_ENABLE_OBJC_ARC = YES;
				CLANG_WARN_BLOCK_CAPTURE_AUTORELEASING = YES;
				CLANG_WARN_BOOL_CONVERSION = YES;
				CLANG_WARN_COMMA = YES;
				CLANG_WARN_CONSTANT_CONVERSION = YES;
				CLANG_WARN_DIRECT_OBJC_ISA_USAGE = YES_ERROR;
				CLANG_WARN_DOCUMENTATION_COMMENTS = YES;
				CLANG_WARN_EMPTY_BODY = YES;
				CLANG_WARN_ENUM_CONVERSION = YES;
				CLANG_WARN_INFINITE_RECURSION = YES;
				CLANG_WARN_INT_CONVERSION = YES;
				CLANG_WARN_NON_LITERAL_NULL_CONVERSION = YES;
				CLANG_WARN_OBJC_LITERAL_CONVERSION = YES;
				CLANG_WARN_OBJC_ROOT_CLASS = YES_ERROR;
				CLANG_WARN_RANGE_LOOP_ANALYSIS = YES;
				CLANG_WARN_STRICT_PROTOTYPES = YES;
				CLANG_WARN_SUSPICIOUS_MOVE = YES;
				CLANG_WARN_UNGUARDED_AVAILABILITY = YES_AGGRESSIVE;
				CLANG_WARN_UNREACHABLE_CODE = YES;
				CLANG_WARN__DUPLICATE_METHOD_MATCH = YES;
				CODE_SIGN_IDENTITY = "iPhone Developer";
				COPY_PHASE_STRIP = NO;
				DEBUG_INFORMATION_FORMAT = dwarf;
				ENABLE_STRICT_OBJC_MSGSEND = YES;
				ENABLE_TESTABILITY = YES;
				GCC_C_LANGUAGE_STANDARD = gnu11;
				GCC_DYNAMIC_NO_PIC = NO;
				GCC_NO_COMMON_BLOCKS = YES;
				GCC_OPTIMIZATION_LEVEL = 0;
				GCC_PREPROCESSOR_DEFINITIONS = (
					"DEBUG=1",
					"$(inherited)",
				);
				GCC_WARN_64_TO_32_BIT_CONVERSION = YES;
				GCC_WARN_ABOUT_RETURN_TYPE = YES_ERROR;
				GCC_WARN_UNDECLARED_SELECTOR = YES;
				GCC_WARN_UNINITIALIZED_AUTOS = YES_AGGRESSIVE;
				GCC_WARN_UNUSED_FUNCTION = YES;
				GCC_WARN_UNUSED_VARIABLE = YES;
				IPHONEOS_DEPLOYMENT_TARGET = 11.0;
				MTL_ENABLE_DEBUG_INFO = YES;
				ONLY_ACTIVE_ARCH = YES;
				SDKROOT = iphoneos;
			};
			name = Debug;
		};
		E5F5F4C41FB979E80056B824 /* Release */ = {
			isa = XCBuildConfiguration;
			buildSettings = {
				ALWAYS_SEARCH_USER_PATHS = NO;
				CLANG_ANALYZER_NONNULL = YES;
				CLANG_ANALYZER_NUMBER_OBJECT_CONVERSION = YES_AGGRESSIVE;
				CLANG_CXX_LANGUAGE_STANDARD = "gnu++14";
				CLANG_CXX_LIBRARY = "libc++";
				CLANG_ENABLE_MODULES = YES;
				CLANG_ENABLE_OBJC_ARC = YES;
				CLANG_WARN_BLOCK_CAPTURE_AUTORELEASING = YES;
				CLANG_WARN_BOOL_CONVERSION = YES;
				CLANG_WARN_COMMA = YES;
				CLANG_WARN_CONSTANT_CONVERSION = YES;
				CLANG_WARN_DIRECT_OBJC_ISA_USAGE = YES_ERROR;
				CLANG_WARN_DOCUMENTATION_COMMENTS = YES;
				CLANG_WARN_EMPTY_BODY = YES;
				CLANG_WARN_ENUM_CONVERSION = YES;
				CLANG_WARN_INFINITE_RECURSION = YES;
				CLANG_WARN_INT_CONVERSION = YES;
				CLANG_WARN_NON_LITERAL_NULL_CONVERSION = YES;
				CLANG_WARN_OBJC_LITERAL_CONVERSION = YES;
				CLANG_WARN_OBJC_ROOT_CLASS = YES_ERROR;
				CLANG_WARN_RANGE_LOOP_ANALYSIS = YES;
				CLANG_WARN_STRICT_PROTOTYPES = YES;
				CLANG_WARN_SUSPICIOUS_MOVE = YES;
				CLANG_WARN_UNGUARDED_AVAILABILITY = YES_AGGRESSIVE;
				CLANG_WARN_UNREACHABLE_CODE = YES;
				CLANG_WARN__DUPLICATE_METHOD_MATCH = YES;
				CODE_SIGN_IDENTITY = "iPhone Developer";
				COPY_PHASE_STRIP = NO;
				DEBUG_INFORMATION_FORMAT = "dwarf-with-dsym";
				ENABLE_NS_ASSERTIONS = NO;
				ENABLE_STRICT_OBJC_MSGSEND = YES;
				GCC_C_LANGUAGE_STANDARD = gnu11;
				GCC_NO_COMMON_BLOCKS = YES;
				GCC_WARN_64_TO_32_BIT_CONVERSION = YES;
				GCC_WARN_ABOUT_RETURN_TYPE = YES_ERROR;
				GCC_WARN_UNDECLARED_SELECTOR = YES;
				GCC_WARN_UNINITIALIZED_AUTOS = YES_AGGRESSIVE;
				GCC_WARN_UNUSED_FUNCTION = YES;
				GCC_WARN_UNUSED_VARIABLE = YES;
				IPHONEOS_DEPLOYMENT_TARGET = 11.0;
				MTL_ENABLE_DEBUG_INFO = NO;
				SDKROOT = iphoneos;
				VALIDATE_PRODUCT = YES;
			};
			name = Release;
		};
		E5F5F4C61FB979E80056B824 /* Debug */ = {
			isa = XCBuildConfiguration;
			buildSettings = {
				ASSETCATALOG_COMPILER_APPICON_NAME = AppIcon;
				CODE_SIGN_STYLE = Automatic;
				INFOPLIST_FILE = "HW01-DuncansonL/Info.plist";
				LD_RUNPATH_SEARCH_PATHS = "$(inherited) @executable_path/Frameworks";
				PRODUCT_BUNDLE_IDENTIFIER = "com.lanjoudun.COP-2654.HW01-DuncansonL";
				PRODUCT_NAME = "$(TARGET_NAME)";
				TARGETED_DEVICE_FAMILY = "1,2";
			};
			name = Debug;
		};
		E5F5F4C71FB979E80056B824 /* Release */ = {
			isa = XCBuildConfiguration;
			buildSettings = {
				ASSETCATALOG_COMPILER_APPICON_NAME = AppIcon;
				CODE_SIGN_STYLE = Automatic;
				INFOPLIST_FILE = "HW01-DuncansonL/Info.plist";
				LD_RUNPATH_SEARCH_PATHS = "$(inherited) @executable_path/Frameworks";
				PRODUCT_BUNDLE_IDENTIFIER = "com.lanjoudun.COP-2654.HW01-DuncansonL";
				PRODUCT_NAME = "$(TARGET_NAME)";
				TARGETED_DEVICE_FAMILY = "1,2";
			};
			name = Release;
		};
		E5F5F4C91FB979E80056B824 /* Debug */ = {
			isa = XCBuildConfiguration;
			buildSettings = {
				BUNDLE_LOADER = "$(TEST_HOST)";
				CODE_SIGN_STYLE = Automatic;
				INFOPLIST_FILE = "HW01-DuncansonLTests/Info.plist";
				LD_RUNPATH_SEARCH_PATHS = "$(inherited) @executable_path/Frameworks @loader_path/Frameworks";
				PRODUCT_BUNDLE_IDENTIFIER = "com.lanjoudun.COP-2654.HW01-DuncansonLTests";
				PRODUCT_NAME = "$(TARGET_NAME)";
				TARGETED_DEVICE_FAMILY = "1,2";
				TEST_HOST = "$(BUILT_PRODUCTS_DIR)/HW01-DuncansonL.app/HW01-DuncansonL";
			};
			name = Debug;
		};
		E5F5F4CA1FB979E80056B824 /* Release */ = {
			isa = XCBuildConfiguration;
			buildSettings = {
				BUNDLE_LOADER = "$(TEST_HOST)";
				CODE_SIGN_STYLE = Automatic;
				INFOPLIST_FILE = "HW01-DuncansonLTests/Info.plist";
				LD_RUNPATH_SEARCH_PATHS = "$(inherited) @executable_path/Frameworks @loader_path/Frameworks";
				PRODUCT_BUNDLE_IDENTIFIER = "com.lanjoudun.COP-2654.HW01-DuncansonLTests";
				PRODUCT_NAME = "$(TARGET_NAME)";
				TARGETED_DEVICE_FAMILY = "1,2";
				TEST_HOST = "$(BUILT_PRODUCTS_DIR)/HW01-DuncansonL.app/HW01-DuncansonL";
			};
			name = Release;
		};
		E5F5F4CC1FB979E80056B824 /* Debug */ = {
			isa = XCBuildConfiguration;
			buildSettings = {
				CODE_SIGN_STYLE = Automatic;
				INFOPLIST_FILE = "HW01-DuncansonLUITests/Info.plist";
				LD_RUNPATH_SEARCH_PATHS = "$(inherited) @executable_path/Frameworks @loader_path/Frameworks";
				PRODUCT_BUNDLE_IDENTIFIER = "com.lanjoudun.COP-2654.HW01-DuncansonLUITests";
				PRODUCT_NAME = "$(TARGET_NAME)";
				TARGETED_DEVICE_FAMILY = "1,2";
				TEST_TARGET_NAME = "HW01-DuncansonL";
			};
			name = Debug;
		};
		E5F5F4CD1FB979E80056B824 /* Release */ = {
			isa = XCBuildConfiguration;
			buildSettings = {
				CODE_SIGN_STYLE = Automatic;
				INFOPLIST_FILE = "HW01-DuncansonLUITests/Info.plist";
				LD_RUNPATH_SEARCH_PATHS = "$(inherited) @executable_path/Frameworks @loader_path/Frameworks";
				PRODUCT_BUNDLE_IDENTIFIER = "com.lanjoudun.COP-2654.HW01-DuncansonLUITests";
				PRODUCT_NAME = "$(TARGET_NAME)";
				TARGETED_DEVICE_FAMILY = "1,2";
				TEST_TARGET_NAME = "HW01-DuncansonL";
			};
			name = Release;
		};
/* End XCBuildConfiguration section */

/* Begin XCConfigurationList section */
		E5F5F4941FB979E70056B824 /* Build configuration list for PBXProject "HW01-DuncansonL" */ = {
			isa = XCConfigurationList;
			buildConfigurations = (
				E5F5F4C31FB979E80056B824 /* Debug */,
				E5F5F4C41FB979E80056B824 /* Release */,
			);
			defaultConfigurationIsVisible = 0;
			defaultConfigurationName = Release;
		};
		E5F5F4C51FB979E80056B824 /* Build configuration list for PBXNativeTarget "HW01-DuncansonL" */ = {
			isa = XCConfigurationList;
			buildConfigurations = (
				E5F5F4C61FB979E80056B824 /* Debug */,
				E5F5F4C71FB979E80056B824 /* Release */,
			);
			defaultConfigurationIsVisible = 0;
			defaultConfigurationName = Release;
		};
		E5F5F4C81FB979E80056B824 /* Build configuration list for PBXNativeTarget "HW01-DuncansonLTests" */ = {
			isa = XCConfigurationList;
			buildConfigurations = (
				E5F5F4C91FB979E80056B824 /* Debug */,
				E5F5F4CA1FB979E80056B824 /* Release */,
			);
			defaultConfigurationIsVisible = 0;
			defaultConfigurationName = Release;
		};
		E5F5F4CB1FB979E80056B824 /* Build configuration list for PBXNativeTarget "HW01-DuncansonLUITests" */ = {
			isa = XCConfigurationList;
			buildConfigurations = (
				E5F5F4CC1FB979E80056B824 /* Debug */,
				E5F5F4CD1FB979E80056B824 /* Release */,
			);
			defaultConfigurationIsVisible = 0;
			defaultConfigurationName = Release;
		};
/* End XCConfigurationList section */
	};
	rootObject = E5F5F4911FB979E70056B824 /* Project object */;
}
